// !$*UTF8*$!
{
	archiveVersion = 1;
	classes = {
	};
	objectVersion = 50;
	objects = {

/* Begin PBXBuildFile section */
		B316268923D00D9300BE6C96 /* AppDelegate.swift in Sources */ = {isa = PBXBuildFile; fileRef = B316268823D00D9300BE6C96 /* AppDelegate.swift */; };
		B316268B23D00D9300BE6C96 /* SceneDelegate.swift in Sources */ = {isa = PBXBuildFile; fileRef = B316268A23D00D9300BE6C96 /* SceneDelegate.swift */; };
		B316268D23D00D9300BE6C96 /* ViewController.swift in Sources */ = {isa = PBXBuildFile; fileRef = B316268C23D00D9300BE6C96 /* ViewController.swift */; };
		B316269023D00D9300BE6C96 /* Main.storyboard in Resources */ = {isa = PBXBuildFile; fileRef = B316268E23D00D9300BE6C96 /* Main.storyboard */; };
		B316269223D00D9400BE6C96 /* Assets.xcassets in Resources */ = {isa = PBXBuildFile; fileRef = B316269123D00D9400BE6C96 /* Assets.xcassets */; };
		B316269523D00D9400BE6C96 /* LaunchScreen.storyboard in Resources */ = {isa = PBXBuildFile; fileRef = B316269323D00D9400BE6C96 /* LaunchScreen.storyboard */; };
/* End PBXBuildFile section */

/* Begin PBXFileReference section */
		B316268523D00D9300BE6C96 /* RubyFull.app */ = {isa = PBXFileReference; explicitFileType = wrapper.application; includeInIndex = 0; path = RubyFull.app; sourceTree = BUILT_PRODUCTS_DIR; };
		B316268823D00D9300BE6C96 /* AppDelegate.swift */ = {isa = PBXFileReference; lastKnownFileType = sourcecode.swift; path = AppDelegate.swift; sourceTree = "<group>"; };
		B316268A23D00D9300BE6C96 /* SceneDelegate.swift */ = {isa = PBXFileReference; lastKnownFileType = sourcecode.swift; path = SceneDelegate.swift; sourceTree = "<group>"; };
		B316268C23D00D9300BE6C96 /* ViewController.swift */ = {isa = PBXFileReference; lastKnownFileType = sourcecode.swift; path = ViewController.swift; sourceTree = "<group>"; };
		B316268F23D00D9300BE6C96 /* Base */ = {isa = PBXFileReference; lastKnownFileType = file.storyboard; name = Base; path = Base.lproj/Main.storyboard; sourceTree = "<group>"; };
		B316269123D00D9400BE6C96 /* Assets.xcassets */ = {isa = PBXFileReference; lastKnownFileType = folder.assetcatalog; path = Assets.xcassets; sourceTree = "<group>"; };
		B316269423D00D9400BE6C96 /* Base */ = {isa = PBXFileReference; lastKnownFileType = file.storyboard; name = Base; path = Base.lproj/LaunchScreen.storyboard; sourceTree = "<group>"; };
		B316269623D00D9400BE6C96 /* Info.plist */ = {isa = PBXFileReference; lastKnownFileType = text.plist.xml; path = Info.plist; sourceTree = "<group>"; };
/* End PBXFileReference section */

/* Begin PBXFrameworksBuildPhase section */
		B316268223D00D9300BE6C96 /* Frameworks */ = {
			isa = PBXFrameworksBuildPhase;
			buildActionMask = 2147483647;
			files = (
			);
			runOnlyForDeploymentPostprocessing = 0;
		};
/* End PBXFrameworksBuildPhase section */

/* Begin PBXGroup section */
		B316267C23D00D9300BE6C96 = {
			isa = PBXGroup;
			children = (
				B316268723D00D9300BE6C96 /* RubyFull */,
				B316268623D00D9300BE6C96 /* Products */,
			);
			sourceTree = "<group>";
		};
		B316268623D00D9300BE6C96 /* Products */ = {
			isa = PBXGroup;
			children = (
				B316268523D00D9300BE6C96 /* RubyFull.app */,
			);
			name = Products;
			sourceTree = "<group>";
		};
		B316268723D00D9300BE6C96 /* RubyFull */ = {
			isa = PBXGroup;
			children = (
				B316268823D00D9300BE6C96 /* AppDelegate.swift */,
				B316268A23D00D9300BE6C96 /* SceneDelegate.swift */,
				B316268C23D00D9300BE6C96 /* ViewController.swift */,
				B316268E23D00D9300BE6C96 /* Main.storyboard */,
				B316269123D00D9400BE6C96 /* Assets.xcassets */,
				B316269323D00D9400BE6C96 /* LaunchScreen.storyboard */,
				B316269623D00D9400BE6C96 /* Info.plist */,
			);
			path = RubyFull;
			sourceTree = "<group>";
		};
/* End PBXGroup section */

/* Begin PBXNativeTarget section */
		B316268423D00D9300BE6C96 /* RubyFull */ = {
			isa = PBXNativeTarget;
			buildConfigurationList = B316269923D00D9400BE6C96 /* Build configuration list for PBXNativeTarget "RubyFull" */;
			buildPhases = (
				B316268123D00D9300BE6C96 /* Sources */,
				B316268223D00D9300BE6C96 /* Frameworks */,
				B316268323D00D9300BE6C96 /* Resources */,
			);
			buildRules = (
			);
			dependencies = (
			);
			name = RubyFull;
			productName = RubyFull;
			productReference = B316268523D00D9300BE6C96 /* RubyFull.app */;
			productType = "com.apple.product-type.application";
		};
/* End PBXNativeTarget section */

/* Begin PBXProject section */
		B316267D23D00D9300BE6C96 /* Project object */ = {
			isa = PBXProject;
			attributes = {
				LastSwiftUpdateCheck = 1110;
				LastUpgradeCheck = 1110;
				ORGANIZATIONNAME = kouichi;
				TargetAttributes = {
					B316268423D00D9300BE6C96 = {
						CreatedOnToolsVersion = 11.1;
					};
				};
			};
			buildConfigurationList = B316268023D00D9300BE6C96 /* Build configuration list for PBXProject "RubyFull" */;
			compatibilityVersion = "Xcode 9.3";
			developmentRegion = en;
			hasScannedForEncodings = 0;
			knownRegions = (
				en,
				Base,
			);
			mainGroup = B316267C23D00D9300BE6C96;
			productRefGroup = B316268623D00D9300BE6C96 /* Products */;
			projectDirPath = "";
			projectRoot = "";
			targets = (
				B316268423D00D9300BE6C96 /* RubyFull */,
			);
		};
/* End PBXProject section */

/* Begin PBXResourcesBuildPhase section */
		B316268323D00D9300BE6C96 /* Resources */ = {
			isa = PBXResourcesBuildPhase;
			buildActionMask = 2147483647;
			files = (
				B316269523D00D9400BE6C96 /* LaunchScreen.storyboard in Resources */,
				B316269223D00D9400BE6C96 /* Assets.xcassets in Resources */,
				B316269023D00D9300BE6C96 /* Main.storyboard in Resources */,
			);
			runOnlyForDeploymentPostprocessing = 0;
		};
/* End PBXResourcesBuildPhase section */

/* Begin PBXSourcesBuildPhase section */
		B316268123D00D9300BE6C96 /* Sources */ = {
			isa = PBXSourcesBuildPhase;
			buildActionMask = 2147483647;
			files = (
				B316268D23D00D9300BE6C96 /* ViewController.swift in Sources */,
				B316268923D00D9300BE6C96 /* AppDelegate.swift in Sources */,
				B316268B23D00D9300BE6C96 /* SceneDelegate.swift in Sources */,
			);
			runOnlyForDeploymentPostprocessing = 0;
		};
/* End PBXSourcesBuildPhase section */

/* Begin PBXVariantGroup section */
		B316268E23D00D9300BE6C96 /* Main.storyboard */ = {
			isa = PBXVariantGroup;
			children = (
				B316268F23D00D9300BE6C96 /* Base */,
			);
			name = Main.storyboard;
			sourceTree = "<group>";
		};
		B316269323D00D9400BE6C96 /* LaunchScreen.storyboard */ = {
			isa = PBXVariantGroup;
			children = (
				B316269423D00D9400BE6C96 /* Base */,
			);
			name = LaunchScreen.storyboard;
			sourceTree = "<group>";
		};
/* End PBXVariantGroup section */

/* Begin XCBuildConfiguration section */
		B316269723D00D9400BE6C96 /* Debug */ = {
			isa = XCBuildConfiguration;
			buildSettings = {
				ALWAYS_SEARCH_USER_PATHS = NO;
				CLANG_ANALYZER_NONNULL = YES;
				CLANG_ANALYZER_NUMBER_OBJECT_CONVERSION = YES_AGGRESSIVE;
				CLANG_CXX_LANGUAGE_STANDARD = "gnu++14";
				CLANG_CXX_LIBRARY = "libc++";
				CLANG_ENABLE_MODULES = YES;
				CLANG_ENABLE_OBJC_ARC = YES;
				CLANG_ENABLE_OBJC_WEAK = YES;
				CLANG_WARN_BLOCK_CAPTURE_AUTORELEASING = YES;
				CLANG_WARN_BOOL_CONVERSION = YES;
				CLANG_WARN_COMMA = YES;
				CLANG_WARN_CONSTANT_CONVERSION = YES;
				CLANG_WARN_DEPRECATED_OBJC_IMPLEMENTATIONS = YES;
				CLANG_WARN_DIRECT_OBJC_ISA_USAGE = YES_ERROR;
				CLANG_WARN_DOCUMENTATION_COMMENTS = YES;
				CLANG_WARN_EMPTY_BODY = YES;
				CLANG_WARN_ENUM_CONVERSION = YES;
				CLANG_WARN_INFINITE_RECURSION = YES;
				CLANG_WARN_INT_CONVERSION = YES;
				CLANG_WARN_NON_LITERAL_NULL_CONVERSION = YES;
				CLANG_WARN_OBJC_IMPLICIT_RETAIN_SELF = YES;
				CLANG_WARN_OBJC_LITERAL_CONVERSION = YES;
				CLANG_WARN_OBJC_ROOT_CLASS = YES_ERROR;
				CLANG_WARN_RANGE_LOOP_ANALYSIS = YES;
				CLANG_WARN_STRICT_PROTOTYPES = YES;
				CLANG_WARN_SUSPICIOUS_MOVE = YES;
				CLANG_WARN_UNGUARDED_AVAILABILITY = YES_AGGRESSIVE;
				CLANG_WARN_UNREACHABLE_CODE = YES;
				CLANG_WARN__DUPLICATE_METHOD_MATCH = YES;
				COPY_PHASE_STRIP = NO;
				DEBUG_INFORMATION_FORMAT = dwarf;
				ENABLE_STRICT_OBJC_MSGSEND = YES;
				ENABLE_TESTABILITY = YES;
				GCC_C_LANGUAGE_STANDARD = gnu11;
				GCC_DYNAMIC_NO_PIC = NO;
				GCC_NO_COMMON_BLOCKS = YES;
				GCC_OPTIMIZATION_LEVEL = 0;
				GCC_PREPROCESSOR_DEFINITIONS = (
					"DEBUG=1",
					"$(inherited)",
				);
				GCC_WARN_64_TO_32_BIT_CONVERSION = YES;
				GCC_WARN_ABOUT_RETURN_TYPE = YES_ERROR;
				GCC_WARN_UNDECLARED_SELECTOR = YES;
				GCC_WARN_UNINITIALIZED_AUTOS = YES_AGGRESSIVE;
				GCC_WARN_UNUSED_FUNCTION = YES;
				GCC_WARN_UNUSED_VARIABLE = YES;
				IPHONEOS_DEPLOYMENT_TARGET = 13.1;
				MTL_ENABLE_DEBUG_INFO = INCLUDE_SOURCE;
				MTL_FAST_MATH = YES;
				ONLY_ACTIVE_ARCH = YES;
				SDKROOT = iphoneos;
				SWIFT_ACTIVE_COMPILATION_CONDITIONS = DEBUG;
				SWIFT_OPTIMIZATION_LEVEL = "-Onone";
			};
			name = Debug;
		};
		B316269823D00D9400BE6C96 /* Release */ = {
			isa = XCBuildConfiguration;
			buildSettings = {
				ALWAYS_SEARCH_USER_PATHS = NO;
				CLANG_ANALYZER_NONNULL = YES;
				CLANG_ANALYZER_NUMBER_OBJECT_CONVERSION = YES_AGGRESSIVE;
				CLANG_CXX_LANGUAGE_STANDARD = "gnu++14";
				CLANG_CXX_LIBRARY = "libc++";
				CLANG_ENABLE_MODULES = YES;
				CLANG_ENABLE_OBJC_ARC = YES;
				CLANG_ENABLE_OBJC_WEAK = YES;
				CLANG_WARN_BLOCK_CAPTURE_AUTORELEASING = YES;
				CLANG_WARN_BOOL_CONVERSION = YES;
				CLANG_WARN_COMMA = YES;
				CLANG_WARN_CONSTANT_CONVERSION = YES;
				CLANG_WARN_DEPRECATED_OBJC_IMPLEMENTATIONS = YES;
				CLANG_WARN_DIRECT_OBJC_ISA_USAGE = YES_ERROR;
				CLANG_WARN_DOCUMENTATION_COMMENTS = YES;
				CLANG_WARN_EMPTY_BODY = YES;
				CLANG_WARN_ENUM_CONVERSION = YES;
				CLANG_WARN_INFINITE_RECURSION = YES;
				CLANG_WARN_INT_CONVERSION = YES;
				CLANG_WARN_NON_LITERAL_NULL_CONVERSION = YES;
				CLANG_WARN_OBJC_IMPLICIT_RETAIN_SELF = YES;
				CLANG_WARN_OBJC_LITERAL_CONVERSION = YES;
				CLANG_WARN_OBJC_ROOT_CLASS = YES_ERROR;
				CLANG_WARN_RANGE_LOOP_ANALYSIS = YES;
				CLANG_WARN_STRICT_PROTOTYPES = YES;
				CLANG_WARN_SUSPICIOUS_MOVE = YES;
				CLANG_WARN_UNGUARDED_AVAILABILITY = YES_AGGRESSIVE;
				CLANG_WARN_UNREACHABLE_CODE = YES;
				CLANG_WARN__DUPLICATE_METHOD_MATCH = YES;
				COPY_PHASE_STRIP = NO;
				DEBUG_INFORMATION_FORMAT = "dwarf-with-dsym";
				ENABLE_NS_ASSERTIONS = NO;
				ENABLE_STRICT_OBJC_MSGSEND = YES;
				GCC_C_LANGUAGE_STANDARD = gnu11;
				GCC_NO_COMMON_BLOCKS = YES;
				GCC_WARN_64_TO_32_BIT_CONVERSION = YES;
				GCC_WARN_ABOUT_RETURN_TYPE = YES_ERROR;
				GCC_WARN_UNDECLARED_SELECTOR = YES;
				GCC_WARN_UNINITIALIZED_AUTOS = YES_AGGRESSIVE;
				GCC_WARN_UNUSED_FUNCTION = YES;
				GCC_WARN_UNUSED_VARIABLE = YES;
				IPHONEOS_DEPLOYMENT_TARGET = 13.1;
				MTL_ENABLE_DEBUG_INFO = NO;
				MTL_FAST_MATH = YES;
				SDKROOT = iphoneos;
				SWIFT_COMPILATION_MODE = wholemodule;
				SWIFT_OPTIMIZATION_LEVEL = "-O";
				VALIDATE_PRODUCT = YES;
			};
			name = Release;
		};
		B316269A23D00D9400BE6C96 /* Debug */ = {
			isa = XCBuildConfiguration;
			buildSettings = {
				ASSETCATALOG_COMPILER_APPICON_NAME = AppIcon;
				CODE_SIGN_STYLE = Automatic;
				INFOPLIST_FILE = RubyFull/Info.plist;
				LD_RUNPATH_SEARCH_PATHS = (
					"$(inherited)",
					"@executable_path/Frameworks",
				);
				PRODUCT_BUNDLE_IDENTIFIER = kouichi.RubyFull;
				PRODUCT_NAME = "$(TARGET_NAME)";
				SWIFT_VERSION = 5.0;
				TARGETED_DEVICE_FAMILY = "1,2";
			};
			name = Debug;
		};
		B316269B23D00D9400BE6C96 /* Release */ = {
			isa = XCBuildConfiguration;
			buildSettings = {
				ASSETCATALOG_COMPILER_APPICON_NAME = AppIcon;
				CODE_SIGN_STYLE = Automatic;
				INFOPLIST_FILE = RubyFull/Info.plist;
				LD_RUNPATH_SEARCH_PATHS = (
					"$(inherited)",
					"@executable_path/Frameworks",
				);
				PRODUCT_BUNDLE_IDENTIFIER = kouichi.RubyFull;
				PRODUCT_NAME = "$(TARGET_NAME)";
				SWIFT_VERSION = 5.0;
				TARGETED_DEVICE_FAMILY = "1,2";
			};
			name = Release;
		};
/* End XCBuildConfiguration section */

/* Begin XCConfigurationList section */
		B316268023D00D9300BE6C96 /* Build configuration list for PBXProject "RubyFull" */ = {
			isa = XCConfigurationList;
			buildConfigurations = (
				B316269723D00D9400BE6C96 /* Debug */,
				B316269823D00D9400BE6C96 /* Release */,
			);
			defaultConfigurationIsVisible = 0;
			defaultConfigurationName = Release;
		};
		B316269923D00D9400BE6C96 /* Build configuration list for PBXNativeTarget "RubyFull" */ = {
			isa = XCConfigurationList;
			buildConfigurations = (
				B316269A23D00D9400BE6C96 /* Debug */,
				B316269B23D00D9400BE6C96 /* Release */,
			);
			defaultConfigurationIsVisible = 0;
			defaultConfigurationName = Release;
		};
/* End XCConfigurationList section */
	};
	rootObject = B316267D23D00D9300BE6C96 /* Project object */;
}
